{
    "_readme": [
        "This file locks the dependencies of your project to a known state",
        "Read more about it at https://getcomposer.org/doc/01-basic-usage.md#installing-dependencies",
        "This file is @generated automatically"
    ],
    "content-hash": "2ebbde8abaaf16f39520167d3d0e8251",
    "packages": [
        {
            "name": "facebook/xhp-lib",
            "version": "v2.8.0",
            "source": {
                "type": "git",
                "url": "https://github.com/hhvm/xhp-lib.git",
                "reference": "c1206482e07acdf9956a2d455613a840ed8fa610"
            },
            "dist": {
                "type": "zip",
                "url": "https://api.github.com/repos/hhvm/xhp-lib/zipball/c1206482e07acdf9956a2d455613a840ed8fa610",
                "reference": "c1206482e07acdf9956a2d455613a840ed8fa610",
                "shasum": ""
            },
            "require": {
                "hhvm": "~3.23",
                "hhvm/hhvm-autoload": "^1.5",
                "hhvm/type-assert": "^3.0"
            },
            "require-dev": {
                "facebook/fbexpect": "^2.0.0",
                "hhvm/hacktest": "^1.0.0"
            },
            "type": "library",
            "extra": {
                "branch-alias": {
                    "dev-master": "2.x-dev"
                }
            },
            "notification-url": "https://packagist.org/downloads/",
            "license": [
                "MIT"
            ],
            "description": "Class library for XHP",
            "homepage": "https://github.com/facebook/xhp-lib",
            "keywords": [
                "facebook",
                "hack",
                "hhvm",
                "xhp"
            ],
            "time": "2018-10-19T20:45:31+00:00"
        },
        {
            "name": "hhvm/hhvm-autoload",
            "version": "v1.7",
            "source": {
                "type": "git",
                "url": "https://github.com/hhvm/hhvm-autoload.git",
                "reference": "2e8b1ec08f00101d63f5ec797d9db47faa99a6dc"
            },
            "dist": {
                "type": "zip",
                "url": "https://api.github.com/repos/hhvm/hhvm-autoload/zipball/2e8b1ec08f00101d63f5ec797d9db47faa99a6dc",
                "reference": "2e8b1ec08f00101d63f5ec797d9db47faa99a6dc",
                "shasum": ""
            },
            "require": {
                "composer-plugin-api": "^1.0",
                "hhvm": "^3.28"
            },
            "replace": {
                "facebook/hhvm-autoload": "1.*"
            },
            "require-dev": {
                "facebook/fbexpect": "^2.1",
                "hhvm/hacktest": "^1.0"
            },
            "bin": [
                "bin/hh-autoload"
            ],
            "type": "composer-plugin",
            "extra": {
                "class": [
                    "Facebook\\AutoloadMap\\ComposerPlugin"
                ],
                "branch-alias": {
                    "dev-master": "1.x-dev"
                }
            },
            "autoload": {
                "classmap": [
                    "src/Writer.php",
                    "src/"
                ],
                "files": [
                    "src/AutoloadMap.php",
                    "src/Config.php",
                    "src/TypeAssert.php"
                ]
            },
            "notification-url": "https://packagist.org/downloads/",
            "time": "2018-12-14T20:41:25+00:00"
        },
        {
            "name": "hhvm/hsl",
            "version": "v3.30.0",
            "source": {
                "type": "git",
                "url": "https://github.com/hhvm/hsl.git",
                "reference": "9a5f26ad5e7c078281f66dd74117af3a3b785e50"
            },
            "dist": {
                "type": "zip",
                "url": "https://api.github.com/repos/hhvm/hsl/zipball/9a5f26ad5e7c078281f66dd74117af3a3b785e50",
                "reference": "9a5f26ad5e7c078281f66dd74117af3a3b785e50",
                "shasum": ""
            },
            "require": {
                "hhvm": "^3.30.0",
                "hhvm/hhvm-autoload": "^1.7"
            },
            "require-dev": {
                "facebook/fbexpect": "^2.0.0",
                "hhvm/hacktest": "^1.0"
            },
            "type": "library",
            "extra": {
                "branch-alias": {
                    "dev-master": "3.x-dev"
                }
            },
            "notification-url": "https://packagist.org/downloads/",
            "license": [
                "MIT"
            ],
            "description": "The Hack Standard Library",
            "time": "2018-12-14T21:18:17+00:00"
        },
        {
            "name": "hhvm/type-assert",
            "version": "v3.2.6",
            "source": {
                "type": "git",
                "url": "https://github.com/hhvm/type-assert.git",
                "reference": "ab4d907d5fd4894a6833b5926cafc9fb9c894ff9"
            },
            "dist": {
                "type": "zip",
                "url": "https://api.github.com/repos/hhvm/type-assert/zipball/ab4d907d5fd4894a6833b5926cafc9fb9c894ff9",
                "reference": "ab4d907d5fd4894a6833b5926cafc9fb9c894ff9",
                "shasum": ""
            },
            "require": {
                "hhvm": "^3.29.0",
                "hhvm/hhvm-autoload": "^1.4",
                "hhvm/hsl": "^3.29.0"
            },
            "require-dev": {
                "facebook/fbexpect": "^2.0.0",
                "hhvm/hacktest": "^1.0",
                "hhvm/hhast": "^3.27"
            },
            "type": "library",
            "extra": {
                "branch-alias": {
                    "dev-master": "3.x-dev"
                }
            },
            "notification-url": "https://packagist.org/downloads/",
            "license": [
                "MIT"
            ],
            "description": "Convert untyped data to typed data",
            "keywords": [
                "TypeAssert",
                "hack"
            ],
            "time": "2018-12-14T23:24:44+00:00"
        }
    ],
    "packages-dev": [],
    "aliases": [],
    "minimum-stability": "stable",
    "stability-flags": [],
    "prefer-stable": false,
    "prefer-lowest": false,
    "platform": [],
    "platform-dev": []
}
